
Microsoft Visual Studio Solution File, Format Version 10.00
# Visual Studio 2008
Project("{FAE04EC0-301F-11D3-BF4B-00C04F79EFBC}") = "PaintTogetherServer", "PaintTogetherServer\PaintTogetherServer.csproj", "{08793AC1-5660-438A-91BF-122CC71EB624}"
EndProject
Project("{FAE04EC0-301F-11D3-BF4B-00C04F79EFBC}") = "PaintTogetherServer.Messages", "PaintTogetherServer.Messages\PaintTogetherServer.Messages.csproj", "{637C4888-B5B7-4AD5-9C34-15614136286F}"
EndProject
Project("{FAE04EC0-301F-11D3-BF4B-00C04F79EFBC}") = "PaintTogetherServer.Run", "PaintTogetherServer.Run\PaintTogetherServer.Run.csproj", "{24362BFF-4DB2-49BF-99BD-29B437A32808}"
EndProject
Project("{FAE04EC0-301F-11D3-BF4B-00C04F79EFBC}") = "PaintTogetherServer.Test", "PaintTogetherServer.Test\PaintTogetherServer.Test.csproj", "{48A1BEB2-BDFF-42F3-A967-1DF0BF23C555}"
EndProject
Project("{FAE04EC0-301F-11D3-BF4B-00C04F79EFBC}") = "PaintTogetherServer.Contracts", "PaintTogetherServer.Contracts\PaintTogetherServer.Contracts.csproj", "{AB3ACC06-7E79-4115-96A1-CF4A11C89824}"
EndProject
Global
	GlobalSection(SolutionConfigurationPlatforms) = preSolution
		Debug|Any CPU = Debug|Any CPU
		Release|Any CPU = Release|Any CPU
	EndGlobalSection
	GlobalSection(ProjectConfigurationPlatforms) = postSolution
		{08793AC1-5660-438A-91BF-122CC71EB624}.Debug|Any CPU.ActiveCfg = Debug|Any CPU
		{08793AC1-5660-438A-91BF-122CC71EB624}.Debug|Any CPU.Build.0 = Debug|Any CPU
		{08793AC1-5660-438A-91BF-122CC71EB624}.Release|Any CPU.ActiveCfg = Release|Any CPU
		{08793AC1-5660-438A-91BF-122CC71EB624}.Release|Any CPU.Build.0 = Release|Any CPU
		{637C4888-B5B7-4AD5-9C34-15614136286F}.Debug|Any CPU.ActiveCfg = Debug|Any CPU
		{637C4888-B5B7-4AD5-9C34-15614136286F}.Debug|Any CPU.Build.0 = Debug|Any CPU
		{637C4888-B5B7-4AD5-9C34-15614136286F}.Release|Any CPU.ActiveCfg = Release|Any CPU
		{637C4888-B5B7-4AD5-9C34-15614136286F}.Release|Any CPU.Build.0 = Release|Any CPU
		{24362BFF-4DB2-49BF-99BD-29B437A32808}.Debug|Any CPU.ActiveCfg = Debug|Any CPU
		{24362BFF-4DB2-49BF-99BD-29B437A32808}.Debug|Any CPU.Build.0 = Debug|Any CPU
		{24362BFF-4DB2-49BF-99BD-29B437A32808}.Release|Any CPU.ActiveCfg = Release|Any CPU
		{24362BFF-4DB2-49BF-99BD-29B437A32808}.Release|Any CPU.Build.0 = Release|Any CPU
		{48A1BEB2-BDFF-42F3-A967-1DF0BF23C555}.Debug|Any CPU.ActiveCfg = Debug|Any CPU
		{48A1BEB2-BDFF-42F3-A967-1DF0BF23C555}.Debug|Any CPU.Build.0 = Debug|Any CPU
		{48A1BEB2-BDFF-42F3-A967-1DF0BF23C555}.Release|Any CPU.ActiveCfg = Release|Any CPU
		{48A1BEB2-BDFF-42F3-A967-1DF0BF23C555}.Release|Any CPU.Build.0 = Release|Any CPU
		{AB3ACC06-7E79-4115-96A1-CF4A11C89824}.Debug|Any CPU.ActiveCfg = Debug|Any CPU
		{AB3ACC06-7E79-4115-96A1-CF4A11C89824}.Debug|Any CPU.Build.0 = Debug|Any CPU
		{AB3ACC06-7E79-4115-96A1-CF4A11C89824}.Release|Any CPU.ActiveCfg = Release|Any CPU
		{AB3ACC06-7E79-4115-96A1-CF4A11C89824}.Release|Any CPU.Build.0 = Release|Any CPU
	EndGlobalSection
	GlobalSection(SolutionProperties) = preSolution
		HideSolutionNode = FALSE
	EndGlobalSection
EndGlobal
