
Microsoft Visual Studio Solution File, Format Version 10.00
# Visual Studio 2008
Project("{FAE04EC0-301F-11D3-BF4B-00C04F79EFBC}") = "PaintTogetherCommunicater.Test", "PaintTogetherCommunicater.Test\PaintTogetherCommunicater.Test.csproj", "{20CB86D9-91EE-4D27-A8F0-E953E22B33A3}"
EndProject
Project("{FAE04EC0-301F-11D3-BF4B-00C04F79EFBC}") = "PaintTogetherCommunicater.Contracts", "PaintTogetherCommunicater.Contracts\PaintTogetherCommunicater.Contracts.csproj", "{C56E9AC7-1612-4735-8877-F8109273010B}"
EndProject
Project("{FAE04EC0-301F-11D3-BF4B-00C04F79EFBC}") = "PaintTogetherCommunicater", "PaintTogetherCommunicater\PaintTogetherCommunicater.csproj", "{DEAE8773-3C3A-4EF5-9E04-EF960E68CF5E}"
EndProject
Project("{FAE04EC0-301F-11D3-BF4B-00C04F79EFBC}") = "PaintTogetherCommunicater.Messages", "PaintTogetherCommunicater.Messages\PaintTogetherCommunicater.Messages.csproj", "{FD7BDD55-5E86-4C4A-802C-097C5D4FD858}"
EndProject
Global
	GlobalSection(SolutionConfigurationPlatforms) = preSolution
		Debug|Any CPU = Debug|Any CPU
		Release|Any CPU = Release|Any CPU
	EndGlobalSection
	GlobalSection(ProjectConfigurationPlatforms) = postSolution
		{20CB86D9-91EE-4D27-A8F0-E953E22B33A3}.Debug|Any CPU.ActiveCfg = Debug|Any CPU
		{20CB86D9-91EE-4D27-A8F0-E953E22B33A3}.Debug|Any CPU.Build.0 = Debug|Any CPU
		{20CB86D9-91EE-4D27-A8F0-E953E22B33A3}.Release|Any CPU.ActiveCfg = Release|Any CPU
		{20CB86D9-91EE-4D27-A8F0-E953E22B33A3}.Release|Any CPU.Build.0 = Release|Any CPU
		{C56E9AC7-1612-4735-8877-F8109273010B}.Debug|Any CPU.ActiveCfg = Debug|Any CPU
		{C56E9AC7-1612-4735-8877-F8109273010B}.Debug|Any CPU.Build.0 = Debug|Any CPU
		{C56E9AC7-1612-4735-8877-F8109273010B}.Release|Any CPU.ActiveCfg = Release|Any CPU
		{C56E9AC7-1612-4735-8877-F8109273010B}.Release|Any CPU.Build.0 = Release|Any CPU
		{DEAE8773-3C3A-4EF5-9E04-EF960E68CF5E}.Debug|Any CPU.ActiveCfg = Debug|Any CPU
		{DEAE8773-3C3A-4EF5-9E04-EF960E68CF5E}.Debug|Any CPU.Build.0 = Debug|Any CPU
		{DEAE8773-3C3A-4EF5-9E04-EF960E68CF5E}.Release|Any CPU.ActiveCfg = Release|Any CPU
		{DEAE8773-3C3A-4EF5-9E04-EF960E68CF5E}.Release|Any CPU.Build.0 = Release|Any CPU
		{FD7BDD55-5E86-4C4A-802C-097C5D4FD858}.Debug|Any CPU.ActiveCfg = Debug|Any CPU
		{FD7BDD55-5E86-4C4A-802C-097C5D4FD858}.Debug|Any CPU.Build.0 = Debug|Any CPU
		{FD7BDD55-5E86-4C4A-802C-097C5D4FD858}.Release|Any CPU.ActiveCfg = Release|Any CPU
		{FD7BDD55-5E86-4C4A-802C-097C5D4FD858}.Release|Any CPU.Build.0 = Release|Any CPU
	EndGlobalSection
	GlobalSection(SolutionProperties) = preSolution
		HideSolutionNode = FALSE
	EndGlobalSection
EndGlobal
